{
  "name": "tower-defense",
  "version": "1.0.0",
  "lockfileVersion": 3,
  "requires": true,
  "packages": {
    "": {
      "name": "tower-defense",
      "version": "1.0.0",
      "license": "ISC",
      "dependencies": {
        "p5": "^1.6.0",
        "p5.play": "^3.8.5",
        "q5": "^1.1.5"
      }
    },
    "node_modules/p5": {
      "version": "1.6.0",
      "resolved": "https://registry.npmjs.org/p5/-/p5-1.6.0.tgz",
      "integrity": "sha512-RowF+RxfVUhJm/YKXL5TCFzTqnwAIwK6W1VGs9LAqSf3PCmLz9Igbxzlf0Ry5IMV71L42wipCdH/bDiNsqAstA=="
    },
    "node_modules/p5.play": {
      "version": "3.8.5",
      "resolved": "https://registry.npmjs.org/p5.play/-/p5.play-3.8.5.tgz",
      "integrity": "sha512-/yhG6TjiOjw9TMI4GyrS6Hn8XcmijNHCIkSnUs91p8Jsgqs30LfGkLetCNV3pcWNXs5MsolW5+wNOUKKjnkO1A=="
    },
    "node_modules/q5": {
      "version": "1.1.5",
      "resolved": "https://registry.npmjs.org/q5/-/q5-1.1.5.tgz",
      "integrity": "sha512-97DR+wmGLRao8DqqrFc1KEeBP/PMUThi73gi9pDIpn626/icD5yYAxd3EptueE8nfsYvOKahynLC6hK/CFnddw=="
    }
  }
}
